<?xml version="1.0" encoding="utf-8"?>
<Project ToolsVersion="4.0" xmlns="http://schemas.microsoft.com/developer/msbuild/2003">
  <ItemGroup>
    <ClInclude Include="plugin.h" />
    <ClInclude Include="main.h" />
    <ClInclude Include="logging.h" />
    <ClInclude Include="javacore.h" />
    <ClInclude Include="javaeventproxy.h" />
    <ClInclude Include="javaeventhandler.h" />
    <ClInclude Include="javaentitypools.h" />
    <ClInclude Include="javaentitypool.h" />
    <ClInclude Include="javaexceptionhandler.h" />
    <ClInclude Include="javastring.h" />
    <ClInclude Include="platform.h" />
    <ClInclude Include="common.h" />
  </ItemGroup>
  <ItemGroup>
    <ClCompile Include="main.cpp" />
    <ClCompile Include="logging.cpp" />
    <ClCompile Include="javacore.cpp" />
    <ClCompile Include="javaeventproxy.cpp" />
    <ClCompile Include="javaeventhandler.cpp" />
    <ClCompile Include="javaentitypools.cpp" />
    <ClCompile Include="javaentitypool.cpp" />
    <ClCompile Include="javaexceptionhandler.cpp" />
    <ClCompile Include="linkplayer.cpp" />
    <ClCompile Include="linkvehicle.cpp" />
    <ClCompile Include="linkseed.cpp" />
    <ClCompile Include="linkcheckpoint.cpp" />
    <ClCompile Include="javastring.cpp" />
    <ClCompile Include="linkserver.cpp" />
    <ClCompile Include="win\platform.cpp">
      <Filter>win</Filter>
    </ClCompile>
    <ClCompile Include="linkobject.cpp" />
    <ClCompile Include="linkpickup.cpp" />
    <ClCompile Include="common.cpp" />
  </ItemGroup>
  <ItemGroup>
    <Filter Include="win">
      <UniqueIdentifier>{1026d755-1a9a-46e6-b846-b4ce75dc86d8}</UniqueIdentifier>
    </Filter>
  </ItemGroup>
</Project>